
Microsoft Visual Studio Solution File, Format Version 12.00
# Visual Studio Version 17
VisualStudioVersion = 17.12.35527.113 d17.12
MinimumVisualStudioVersion = 10.0.40219.1
Project("{FAE04EC0-301F-11D3-BF4B-00C04F79EFBC}") = "Training.Core", "Training.Core\Training.Core.csproj", "{B444FB8A-FCAC-42D9-9148-FE1632D46A26}"
EndProject
Project("{FAE04EC0-301F-11D3-BF4B-00C04F79EFBC}") = "Training.DAL", "Training.DAL\Training.DAL.csproj", "{AD5D1E31-1A6B-4627-BBFD-9F550B1FD6E7}"
EndProject
Project("{FAE04EC0-301F-11D3-BF4B-00C04F79EFBC}") = "Training.BL", "Training.BL\Training.BL.csproj", "{A2EE96E1-B45D-47B4-9EC5-5A5CC259F157}"
EndProject
Project("{FAE04EC0-301F-11D3-BF4B-00C04F79EFBC}") = "Training.MVC", "Training.MVC\Training.MVC.csproj", "{57FDB251-6865-45F1-926C-7A5B69B37D48}"
EndProject
Global
	GlobalSection(SolutionConfigurationPlatforms) = preSolution
		Debug|Any CPU = Debug|Any CPU
		Release|Any CPU = Release|Any CPU
	EndGlobalSection
	GlobalSection(ProjectConfigurationPlatforms) = postSolution
		{B444FB8A-FCAC-42D9-9148-FE1632D46A26}.Debug|Any CPU.ActiveCfg = Debug|Any CPU
		{B444FB8A-FCAC-42D9-9148-FE1632D46A26}.Debug|Any CPU.Build.0 = Debug|Any CPU
		{B444FB8A-FCAC-42D9-9148-FE1632D46A26}.Release|Any CPU.ActiveCfg = Release|Any CPU
		{B444FB8A-FCAC-42D9-9148-FE1632D46A26}.Release|Any CPU.Build.0 = Release|Any CPU
		{AD5D1E31-1A6B-4627-BBFD-9F550B1FD6E7}.Debug|Any CPU.ActiveCfg = Debug|Any CPU
		{AD5D1E31-1A6B-4627-BBFD-9F550B1FD6E7}.Debug|Any CPU.Build.0 = Debug|Any CPU
		{AD5D1E31-1A6B-4627-BBFD-9F550B1FD6E7}.Release|Any CPU.ActiveCfg = Release|Any CPU
		{AD5D1E31-1A6B-4627-BBFD-9F550B1FD6E7}.Release|Any CPU.Build.0 = Release|Any CPU
		{A2EE96E1-B45D-47B4-9EC5-5A5CC259F157}.Debug|Any CPU.ActiveCfg = Debug|Any CPU
		{A2EE96E1-B45D-47B4-9EC5-5A5CC259F157}.Debug|Any CPU.Build.0 = Debug|Any CPU
		{A2EE96E1-B45D-47B4-9EC5-5A5CC259F157}.Release|Any CPU.ActiveCfg = Release|Any CPU
		{A2EE96E1-B45D-47B4-9EC5-5A5CC259F157}.Release|Any CPU.Build.0 = Release|Any CPU
		{57FDB251-6865-45F1-926C-7A5B69B37D48}.Debug|Any CPU.ActiveCfg = Debug|Any CPU
		{57FDB251-6865-45F1-926C-7A5B69B37D48}.Debug|Any CPU.Build.0 = Debug|Any CPU
		{57FDB251-6865-45F1-926C-7A5B69B37D48}.Release|Any CPU.ActiveCfg = Release|Any CPU
		{57FDB251-6865-45F1-926C-7A5B69B37D48}.Release|Any CPU.Build.0 = Release|Any CPU
	EndGlobalSection
	GlobalSection(SolutionProperties) = preSolution
		HideSolutionNode = FALSE
	EndGlobalSection
EndGlobal
